{
    "version": 3,
    "terraform_version": "0.11.7",
    "serial": 4,
    "lineage": "8e17ca42-04ff-aa51-b661-a7a46efbc6e3",
    "modules": [
        {
            "path": [
                "root"
            ],
            "outputs": {
                "ec2_ip": {
                    "sensitive": false,
                    "type": "string",
                    "value": "18.130.195.251"
                }
            },
            "resources": {
                "aws_instance.box": {
                    "type": "aws_instance",
                    "depends_on": [
                        "aws_key_pair.auth",
                        "aws_security_group.allow_all_outbound",
                        "aws_security_group.allow_ssh_from_gds",
                        "data.aws_ami.ubuntu"
                    ],
                    "primary": {
                        "id": "i-0204c0f393ba7c313",
                        "attributes": {
                            "ami": "ami-6b3fd60c",
                            "associate_public_ip_address": "true",
                            "availability_zone": "eu-west-2a",
                            "cpu_core_count": "1",
                            "cpu_threads_per_core": "1",
                            "credit_specification.#": "1",
                            "credit_specification.0.cpu_credits": "standard",
                            "disable_api_termination": "false",
                            "ebs_block_device.#": "0",
                            "ebs_optimized": "false",
                            "ephemeral_block_device.#": "0",
                            "get_password_data": "false",
                            "iam_instance_profile": "",
                            "id": "i-0204c0f393ba7c313",
                            "instance_state": "running",
                            "instance_type": "t2.micro",
                            "ipv6_addresses.#": "0",
                            "key_name": "cyber-security-key-andreagrandi",
                            "monitoring": "false",
                            "network_interface.#": "0",
                            "network_interface_id": "eni-01592e55",
                            "password_data": "",
                            "placement_group": "",
                            "primary_network_interface_id": "eni-01592e55",
                            "private_dns": "ip-172-31-14-215.eu-west-2.compute.internal",
                            "private_ip": "172.31.14.215",
                            "public_dns": "ec2-18-130-195-251.eu-west-2.compute.amazonaws.com",
                            "public_ip": "18.130.195.251",
                            "root_block_device.#": "1",
                            "root_block_device.0.delete_on_termination": "true",
                            "root_block_device.0.iops": "100",
                            "root_block_device.0.volume_id": "vol-06713403e679a0d49",
                            "root_block_device.0.volume_size": "8",
                            "root_block_device.0.volume_type": "gp2",
                            "security_groups.#": "2",
                            "security_groups.2065568177": "CyberSecurity-Tooling-SecurityGroup-SSH20180727140944410000000002",
                            "security_groups.718232850": "CyberSecurity-Tooling-SecurityGroup-outbound20180727140944409200000001",
                            "source_dest_check": "true",
                            "subnet_id": "subnet-5a2b2722",
                            "tags.%": "1",
                            "tags.Name": "CyberSecurity-Tooling-EC2",
                            "tenancy": "default",
                            "volume_tags.%": "0",
                            "vpc_security_group_ids.#": "2",
                            "vpc_security_group_ids.3682628621": "sg-bd5977d6",
                            "vpc_security_group_ids.3695989598": "sg-cb5876a0"
                        },
                        "meta": {
                            "e2bfb730-ecaa-11e6-8f88-34363bc7c4c0": {
                                "create": 600000000000,
                                "delete": 1200000000000,
                                "update": 600000000000
                            },
                            "schema_version": "1"
                        },
                        "tainted": false
                    },
                    "deposed": [],
                    "provider": "provider.aws"
                },
                "aws_key_pair.auth": {
                    "type": "aws_key_pair",
                    "depends_on": [],
                    "primary": {
                        "id": "cyber-security-key-andreagrandi",
                        "attributes": {
                            "id": "cyber-security-key-andreagrandi",
                            "key_name": "cyber-security-key-andreagrandi",
                            "public_key": "ssh-rsa AAAAB3NzaC1yc2EAAAADAQABAAACAQDAnaiLqNX9WrACnLsZl5RHwWQidJD75rAPbtEDDHg47GuMti9yu5EGUu/68DWGfNUhAC3FS0tGVxVlqMSSnzsji8JMnoHZVYqK00w5lmNwuaBZu9iKkKgHeOhWXKfWhZDA/blkQc8Stc1Vrh+YlZNlJ/tiAORxg8Dp4mc+WXI1H9MmKOl+DjLXt5Wxkl82D7zO2fFBHqlVT44zTBB/DU6KWnOc6VJ6lKFQiCyChcZKVfHPXGK6TbasIcs4vrtP7k1LLf1uz4t6DUnkG5i21ltpD/Jm41WJm/Gw0ryzWXMMaoK7yn0T1BgGrGMYWOA6y0SD/vB5MIQd0iLVaj1SFHPu3PkS5lCm9VkMP0H1REY35QBSiE8ZnhTvxCzW3yGs4wb9rhb3F97Uj7fOmbBgwvSWDTH3CTIYFCUw59dUahoJbraB9CUPSa6BJ29qJo40u7w7yba2oeGRb5PnM99ae/bI1a99O8Gbee9wyMZdaGZUBQrxsyTjh1Qz8VcL38EkBm6oneNzThbtP+4IHmkFHSEpsP5nZ4Mr3CcmLX7E2/MU8lkJjot4JOK49axK7hX2Nbek3VhR2giySwUJv1J3654q79iDCObGGL/iMBBJE17FIrErf6qnpnrw27sA3U0BL7TYAWDSAkuojmjCuNn2AlyMSkw3BH49OGRGYd0y0XDzhQ== andrea.grandi@digital.cabinet-office.gov.uk"
                        },
                        "meta": {
                            "schema_version": "1"
                        },
                        "tainted": false
                    },
                    "deposed": [],
                    "provider": "provider.aws"
                },
                "aws_security_group.allow_all_outbound": {
                    "type": "aws_security_group",
                    "depends_on": [],
                    "primary": {
                        "id": "sg-cb5876a0",
                        "attributes": {
                            "arn": "arn:aws:ec2:eu-west-2:779799343306:security-group/sg-cb5876a0",
                            "description": "Allow all outbound traffic",
                            "egress.#": "1",
                            "egress.482069346.cidr_blocks.#": "1",
                            "egress.482069346.cidr_blocks.0": "0.0.0.0/0",
                            "egress.482069346.description": "",
                            "egress.482069346.from_port": "0",
                            "egress.482069346.ipv6_cidr_blocks.#": "0",
                            "egress.482069346.prefix_list_ids.#": "0",
                            "egress.482069346.protocol": "-1",
                            "egress.482069346.security_groups.#": "0",
                            "egress.482069346.self": "false",
                            "egress.482069346.to_port": "0",
                            "id": "sg-cb5876a0",
                            "ingress.#": "0",
                            "name": "CyberSecurity-Tooling-SecurityGroup-outbound20180727140944409200000001",
                            "name_prefix": "CyberSecurity-Tooling-SecurityGroup-outbound",
                            "owner_id": "779799343306",
                            "revoke_rules_on_delete": "false",
                            "tags.%": "0",
                            "vpc_id": "vpc-bcf615d5"
                        },
                        "meta": {
                            "e2bfb730-ecaa-11e6-8f88-34363bc7c4c0": {
                                "create": 600000000000,
                                "delete": 600000000000
                            },
                            "schema_version": "1"
                        },
                        "tainted": false
                    },
                    "deposed": [],
                    "provider": "provider.aws"
                },
                "aws_security_group.allow_ssh_from_gds": {
                    "type": "aws_security_group",
                    "depends_on": [],
                    "primary": {
                        "id": "sg-bd5977d6",
                        "attributes": {
                            "arn": "arn:aws:ec2:eu-west-2:779799343306:security-group/sg-bd5977d6",
                            "description": "Allow inbound SSH traffic from GDS IPs",
                            "egress.#": "0",
                            "id": "sg-bd5977d6",
                            "ingress.#": "1",
                            "ingress.3036130768.cidr_blocks.#": "7",
                            "ingress.3036130768.cidr_blocks.0": "213.86.153.212/32",
                            "ingress.3036130768.cidr_blocks.1": "213.86.153.213/32",
                            "ingress.3036130768.cidr_blocks.2": "213.86.153.214/32",
                            "ingress.3036130768.cidr_blocks.3": "213.86.153.235/32",
                            "ingress.3036130768.cidr_blocks.4": "213.86.153.236/32",
                            "ingress.3036130768.cidr_blocks.5": "213.86.153.237/32",
                            "ingress.3036130768.cidr_blocks.6": "85.133.67.244/32",
                            "ingress.3036130768.description": "",
                            "ingress.3036130768.from_port": "22",
                            "ingress.3036130768.ipv6_cidr_blocks.#": "0",
                            "ingress.3036130768.protocol": "tcp",
                            "ingress.3036130768.security_groups.#": "0",
                            "ingress.3036130768.self": "false",
                            "ingress.3036130768.to_port": "22",
                            "name": "CyberSecurity-Tooling-SecurityGroup-SSH20180727140944410000000002",
                            "name_prefix": "CyberSecurity-Tooling-SecurityGroup-SSH",
                            "owner_id": "779799343306",
                            "revoke_rules_on_delete": "false",
                            "tags.%": "0",
                            "vpc_id": "vpc-bcf615d5"
                        },
                        "meta": {
                            "e2bfb730-ecaa-11e6-8f88-34363bc7c4c0": {
                                "create": 600000000000,
                                "delete": 600000000000
                            },
                            "schema_version": "1"
                        },
                        "tainted": false
                    },
                    "deposed": [],
                    "provider": "provider.aws"
                },
                "data.aws_ami.ubuntu": {
                    "type": "aws_ami",
                    "depends_on": [],
                    "primary": {
                        "id": "ami-6b3fd60c",
                        "attributes": {
                            "architecture": "x86_64",
                            "block_device_mappings.#": "3",
                            "block_device_mappings.1634610537.device_name": "/dev/sdb",
                            "block_device_mappings.1634610537.ebs.%": "0",
                            "block_device_mappings.1634610537.no_device": "",
                            "block_device_mappings.1634610537.virtual_name": "ephemeral0",
                            "block_device_mappings.2547816212.device_name": "/dev/sda1",
                            "block_device_mappings.2547816212.ebs.%": "6",
                            "block_device_mappings.2547816212.ebs.delete_on_termination": "true",
                            "block_device_mappings.2547816212.ebs.encrypted": "false",
                            "block_device_mappings.2547816212.ebs.iops": "0",
                            "block_device_mappings.2547816212.ebs.snapshot_id": "snap-00e524c3b04fa29cf",
                            "block_device_mappings.2547816212.ebs.volume_size": "8",
                            "block_device_mappings.2547816212.ebs.volume_type": "gp2",
                            "block_device_mappings.2547816212.no_device": "",
                            "block_device_mappings.2547816212.virtual_name": "",
                            "block_device_mappings.3850042718.device_name": "/dev/sdc",
                            "block_device_mappings.3850042718.ebs.%": "0",
                            "block_device_mappings.3850042718.no_device": "",
                            "block_device_mappings.3850042718.virtual_name": "ephemeral1",
                            "creation_date": "2018-06-27T13:44:27.000Z",
                            "description": "Canonical, Ubuntu, 16.04 LTS, amd64 xenial image build on 2018-06-27",
                            "filter.#": "2",
                            "filter.1585153008.name": "name",
                            "filter.1585153008.values.#": "1",
                            "filter.1585153008.values.0": "ubuntu/images/hvm-ssd/ubuntu-xenial-16.04-amd64-server-*",
                            "filter.490168357.name": "virtualization-type",
                            "filter.490168357.values.#": "1",
                            "filter.490168357.values.0": "hvm",
                            "hypervisor": "xen",
                            "id": "ami-6b3fd60c",
                            "image_id": "ami-6b3fd60c",
                            "image_location": "099720109477/ubuntu/images/hvm-ssd/ubuntu-xenial-16.04-amd64-server-20180627",
                            "image_type": "machine",
                            "most_recent": "true",
                            "name": "ubuntu/images/hvm-ssd/ubuntu-xenial-16.04-amd64-server-20180627",
                            "owner_id": "099720109477",
                            "owners.#": "1",
                            "owners.0": "099720109477",
                            "product_codes.#": "0",
                            "public": "true",
                            "root_device_name": "/dev/sda1",
                            "root_device_type": "ebs",
                            "root_snapshot_id": "snap-00e524c3b04fa29cf",
                            "sriov_net_support": "simple",
                            "state": "available",
                            "state_reason.%": "2",
                            "state_reason.code": "UNSET",
                            "state_reason.message": "UNSET",
                            "tags.%": "0",
                            "virtualization_type": "hvm"
                        },
                        "meta": {},
                        "tainted": false
                    },
                    "deposed": [],
                    "provider": "provider.aws"
                }
            },
            "depends_on": []
        }
    ]
}
